
Microsoft Visual Studio Solution File, Format Version 12.00
# Visual Studio Version 17
VisualStudioVersion = 17.14.36429.23 d17.14
MinimumVisualStudioVersion = 10.0.40219.1
Project("{FAE04EC0-301F-11D3-BF4B-00C04F79EFBC}") = "VP_Lab_3", "VP_Lab_3\VP_Lab_3.csproj", "{1C38405B-7E29-48AB-B404-057A8168E181}"
EndProject
Project("{FAE04EC0-301F-11D3-BF4B-00C04F79EFBC}") = "VP_LAB3", "VP_LAB3\VP_LAB3.csproj", "{B584B809-1311-4301-A508-67213045BC38}"
EndProject
Global
	GlobalSection(SolutionConfigurationPlatforms) = preSolution
		Debug|Any CPU = Debug|Any CPU
		Release|Any CPU = Release|Any CPU
	EndGlobalSection
	GlobalSection(ProjectConfigurationPlatforms) = postSolution
		{1C38405B-7E29-48AB-B404-057A8168E181}.Debug|Any CPU.ActiveCfg = Debug|Any CPU
		{1C38405B-7E29-48AB-B404-057A8168E181}.Debug|Any CPU.Build.0 = Debug|Any CPU
		{1C38405B-7E29-48AB-B404-057A8168E181}.Release|Any CPU.ActiveCfg = Release|Any CPU
		{1C38405B-7E29-48AB-B404-057A8168E181}.Release|Any CPU.Build.0 = Release|Any CPU
		{B584B809-1311-4301-A508-67213045BC38}.Debug|Any CPU.ActiveCfg = Debug|Any CPU
		{B584B809-1311-4301-A508-67213045BC38}.Debug|Any CPU.Build.0 = Debug|Any CPU
		{B584B809-1311-4301-A508-67213045BC38}.Release|Any CPU.ActiveCfg = Release|Any CPU
		{B584B809-1311-4301-A508-67213045BC38}.Release|Any CPU.Build.0 = Release|Any CPU
	EndGlobalSection
	GlobalSection(SolutionProperties) = preSolution
		HideSolutionNode = FALSE
	EndGlobalSection
	GlobalSection(ExtensibilityGlobals) = postSolution
		SolutionGuid = {05FA1DA0-09CE-4D98-A32D-FA114854BB53}
	EndGlobalSection
EndGlobal
