
Microsoft Visual Studio Solution File, Format Version 12.00
# Visual Studio Version 17
VisualStudioVersion = 17.14.36429.23 d17.14
MinimumVisualStudioVersion = 10.0.40219.1
Project("{FAE04EC0-301F-11D3-BF4B-00C04F79EFBC}") = "VP_practice_4", "VP_practice_4\VP_practice_4.csproj", "{E85F4264-E035-45FA-8856-D7BFB515B394}"
EndProject
Project("{FAE04EC0-301F-11D3-BF4B-00C04F79EFBC}") = "VP_practice4", "VP_practice4\VP_practice4.csproj", "{EE0E0F56-A8F0-476E-91A8-1FEEADD5AF24}"
EndProject
Global
	GlobalSection(SolutionConfigurationPlatforms) = preSolution
		Debug|Any CPU = Debug|Any CPU
		Release|Any CPU = Release|Any CPU
	EndGlobalSection
	GlobalSection(ProjectConfigurationPlatforms) = postSolution
		{E85F4264-E035-45FA-8856-D7BFB515B394}.Debug|Any CPU.ActiveCfg = Debug|Any CPU
		{E85F4264-E035-45FA-8856-D7BFB515B394}.Debug|Any CPU.Build.0 = Debug|Any CPU
		{E85F4264-E035-45FA-8856-D7BFB515B394}.Release|Any CPU.ActiveCfg = Release|Any CPU
		{E85F4264-E035-45FA-8856-D7BFB515B394}.Release|Any CPU.Build.0 = Release|Any CPU
		{EE0E0F56-A8F0-476E-91A8-1FEEADD5AF24}.Debug|Any CPU.ActiveCfg = Debug|Any CPU
		{EE0E0F56-A8F0-476E-91A8-1FEEADD5AF24}.Debug|Any CPU.Build.0 = Debug|Any CPU
		{EE0E0F56-A8F0-476E-91A8-1FEEADD5AF24}.Release|Any CPU.ActiveCfg = Release|Any CPU
		{EE0E0F56-A8F0-476E-91A8-1FEEADD5AF24}.Release|Any CPU.Build.0 = Release|Any CPU
	EndGlobalSection
	GlobalSection(SolutionProperties) = preSolution
		HideSolutionNode = FALSE
	EndGlobalSection
	GlobalSection(ExtensibilityGlobals) = postSolution
		SolutionGuid = {25AA330F-6B26-47EF-A71F-F68A8098E608}
	EndGlobalSection
EndGlobal
